
Microsoft Visual Studio Solution File, Format Version 12.00
# Visual Studio 2012
Project("{8BC9CEB8-8B4A-11D0-8D11-00A0C91BC942}") = "FileSystem", "FileSystem\FileSystem.vcxproj", "{3C396CD6-3AA7-484A-9080-CDA6176309BF}"
EndProject
Global
	GlobalSection(SolutionConfigurationPlatforms) = preSolution
		Debug|Win32 = Debug|Win32
		Release|Win32 = Release|Win32
	EndGlobalSection
	GlobalSection(ProjectConfigurationPlatforms) = postSolution
		{3C396CD6-3AA7-484A-9080-CDA6176309BF}.Debug|Win32.ActiveCfg = Debug|Win32
		{3C396CD6-3AA7-484A-9080-CDA6176309BF}.Debug|Win32.Build.0 = Debug|Win32
		{3C396CD6-3AA7-484A-9080-CDA6176309BF}.Release|Win32.ActiveCfg = Release|Win32
		{3C396CD6-3AA7-484A-9080-CDA6176309BF}.Release|Win32.Build.0 = Release|Win32
	EndGlobalSection
	GlobalSection(SolutionProperties) = preSolution
		HideSolutionNode = FALSE
	EndGlobalSection
EndGlobal
